// !$*UTF8*$!
{
	archiveVersion = 1;
	classes = {
	};
	objectVersion = 46;
	objects = {

/* Begin PBXBuildFile section */
		852DEBDD1D62CBD0004AAB7E /* AppDelegate.swift in Sources */ = {isa = PBXBuildFile; fileRef = 852DEBDC1D62CBD0004AAB7E /* AppDelegate.swift */; };
		852DEBDF1D62CBD0004AAB7E /* InitialViewController.swift in Sources */ = {isa = PBXBuildFile; fileRef = 852DEBDE1D62CBD0004AAB7E /* InitialViewController.swift */; };
		852DEBE21D62CBD0004AAB7E /* Main.storyboard in Resources */ = {isa = PBXBuildFile; fileRef = 852DEBE01D62CBD0004AAB7E /* Main.storyboard */; };
		852DEBE41D62CBD0004AAB7E /* Assets.xcassets in Resources */ = {isa = PBXBuildFile; fileRef = 852DEBE31D62CBD0004AAB7E /* Assets.xcassets */; };
		852DEBE71D62CBD0004AAB7E /* LaunchScreen.storyboard in Resources */ = {isa = PBXBuildFile; fileRef = 852DEBE51D62CBD0004AAB7E /* LaunchScreen.storyboard */; };
		852DEBF21D62CBD0004AAB7E /* SimonTests.swift in Sources */ = {isa = PBXBuildFile; fileRef = 852DEBF11D62CBD0004AAB7E /* SimonTests.swift */; };
		852DEBFD1D62CBD0004AAB7E /* SimonUITests.swift in Sources */ = {isa = PBXBuildFile; fileRef = 852DEBFC1D62CBD0004AAB7E /* SimonUITests.swift */; };
		852DEC0B1D62DC00004AAB7E /* InstructionViewController.swift in Sources */ = {isa = PBXBuildFile; fileRef = 852DEC0A1D62DC00004AAB7E /* InstructionViewController.swift */; };
		852DEC111D62E443004AAB7E /* TwoByTwoViewController.swift in Sources */ = {isa = PBXBuildFile; fileRef = 852DEC101D62E443004AAB7E /* TwoByTwoViewController.swift */; };
		852DEC131D62E450004AAB7E /* ThreeByThreeViewController.swift in Sources */ = {isa = PBXBuildFile; fileRef = 852DEC121D62E450004AAB7E /* ThreeByThreeViewController.swift */; };
		852DEC151D62E477004AAB7E /* FourByFourViewController.swift in Sources */ = {isa = PBXBuildFile; fileRef = 852DEC141D62E477004AAB7E /* FourByFourViewController.swift */; };
/* End PBXBuildFile section */

/* Begin PBXContainerItemProxy section */
		852DEBEE1D62CBD0004AAB7E /* PBXContainerItemProxy */ = {
			isa = PBXContainerItemProxy;
			containerPortal = 852DEBD11D62CBD0004AAB7E /* Project object */;
			proxyType = 1;
			remoteGlobalIDString = 852DEBD81D62CBD0004AAB7E;
			remoteInfo = Simon;
		};
		852DEBF91D62CBD0004AAB7E /* PBXContainerItemProxy */ = {
			isa = PBXContainerItemProxy;
			containerPortal = 852DEBD11D62CBD0004AAB7E /* Project object */;
			proxyType = 1;
			remoteGlobalIDString = 852DEBD81D62CBD0004AAB7E;
			remoteInfo = Simon;
		};
/* End PBXContainerItemProxy section */

/* Begin PBXFileReference section */
		852DEBD91D62CBD0004AAB7E /* Simon.app */ = {isa = PBXFileReference; explicitFileType = wrapper.application; includeInIndex = 0; path = Simon.app; sourceTree = BUILT_PRODUCTS_DIR; };
		852DEBDC1D62CBD0004AAB7E /* AppDelegate.swift */ = {isa = PBXFileReference; lastKnownFileType = sourcecode.swift; path = AppDelegate.swift; sourceTree = "<group>"; };
		852DEBDE1D62CBD0004AAB7E /* InitialViewController.swift */ = {isa = PBXFileReference; lastKnownFileType = sourcecode.swift; path = InitialViewController.swift; sourceTree = "<group>"; };
		852DEBE11D62CBD0004AAB7E /* Base */ = {isa = PBXFileReference; lastKnownFileType = file.storyboard; name = Base; path = Base.lproj/Main.storyboard; sourceTree = "<group>"; };
		852DEBE31D62CBD0004AAB7E /* Assets.xcassets */ = {isa = PBXFileReference; lastKnownFileType = folder.assetcatalog; path = Assets.xcassets; sourceTree = "<group>"; };
		852DEBE61D62CBD0004AAB7E /* Base */ = {isa = PBXFileReference; lastKnownFileType = file.storyboard; name = Base; path = Base.lproj/LaunchScreen.storyboard; sourceTree = "<group>"; };
		852DEBE81D62CBD0004AAB7E /* Info.plist */ = {isa = PBXFileReference; lastKnownFileType = text.plist.xml; path = Info.plist; sourceTree = "<group>"; };
		852DEBED1D62CBD0004AAB7E /* SimonTests.xctest */ = {isa = PBXFileReference; explicitFileType = wrapper.cfbundle; includeInIndex = 0; path = SimonTests.xctest; sourceTree = BUILT_PRODUCTS_DIR; };
		852DEBF11D62CBD0004AAB7E /* SimonTests.swift */ = {isa = PBXFileReference; lastKnownFileType = sourcecode.swift; path = SimonTests.swift; sourceTree = "<group>"; };
		852DEBF31D62CBD0004AAB7E /* Info.plist */ = {isa = PBXFileReference; lastKnownFileType = text.plist.xml; path = Info.plist; sourceTree = "<group>"; };
		852DEBF81D62CBD0004AAB7E /* SimonUITests.xctest */ = {isa = PBXFileReference; explicitFileType = wrapper.cfbundle; includeInIndex = 0; path = SimonUITests.xctest; sourceTree = BUILT_PRODUCTS_DIR; };
		852DEBFC1D62CBD0004AAB7E /* SimonUITests.swift */ = {isa = PBXFileReference; lastKnownFileType = sourcecode.swift; path = SimonUITests.swift; sourceTree = "<group>"; };
		852DEBFE1D62CBD0004AAB7E /* Info.plist */ = {isa = PBXFileReference; lastKnownFileType = text.plist.xml; path = Info.plist; sourceTree = "<group>"; };
		852DEC0A1D62DC00004AAB7E /* InstructionViewController.swift */ = {isa = PBXFileReference; fileEncoding = 4; lastKnownFileType = sourcecode.swift; path = InstructionViewController.swift; sourceTree = "<group>"; };
		852DEC101D62E443004AAB7E /* TwoByTwoViewController.swift */ = {isa = PBXFileReference; fileEncoding = 4; lastKnownFileType = sourcecode.swift; path = TwoByTwoViewController.swift; sourceTree = "<group>"; };
		852DEC121D62E450004AAB7E /* ThreeByThreeViewController.swift */ = {isa = PBXFileReference; fileEncoding = 4; lastKnownFileType = sourcecode.swift; path = ThreeByThreeViewController.swift; sourceTree = "<group>"; };
		852DEC141D62E477004AAB7E /* FourByFourViewController.swift */ = {isa = PBXFileReference; fileEncoding = 4; lastKnownFileType = sourcecode.swift; path = FourByFourViewController.swift; sourceTree = "<group>"; };
/* End PBXFileReference section */

/* Begin PBXFrameworksBuildPhase section */
		852DEBD61D62CBD0004AAB7E /* Frameworks */ = {
			isa = PBXFrameworksBuildPhase;
			buildActionMask = 2147483647;
			files = (
			);
			runOnlyForDeploymentPostprocessing = 0;
		};
		852DEBEA1D62CBD0004AAB7E /* Frameworks */ = {
			isa = PBXFrameworksBuildPhase;
			buildActionMask = 2147483647;
			files = (
			);
			runOnlyForDeploymentPostprocessing = 0;
		};
		852DEBF51D62CBD0004AAB7E /* Frameworks */ = {
			isa = PBXFrameworksBuildPhase;
			buildActionMask = 2147483647;
			files = (
			);
			runOnlyForDeploymentPostprocessing = 0;
		};
/* End PBXFrameworksBuildPhase section */

/* Begin PBXGroup section */
		852DEBD01D62CBD0004AAB7E = {
			isa = PBXGroup;
			children = (
				852DEBDB1D62CBD0004AAB7E /* Simon */,
				852DEBF01D62CBD0004AAB7E /* SimonTests */,
				852DEBFB1D62CBD0004AAB7E /* SimonUITests */,
				852DEBDA1D62CBD0004AAB7E /* Products */,
			);
			sourceTree = "<group>";
		};
		852DEBDA1D62CBD0004AAB7E /* Products */ = {
			isa = PBXGroup;
			children = (
				852DEBD91D62CBD0004AAB7E /* Simon.app */,
				852DEBED1D62CBD0004AAB7E /* SimonTests.xctest */,
				852DEBF81D62CBD0004AAB7E /* SimonUITests.xctest */,
			);
			name = Products;
			sourceTree = "<group>";
		};
		852DEBDB1D62CBD0004AAB7E /* Simon */ = {
			isa = PBXGroup;
			children = (
				852DEBDC1D62CBD0004AAB7E /* AppDelegate.swift */,
				852DEC0A1D62DC00004AAB7E /* InstructionViewController.swift */,
				852DEBDE1D62CBD0004AAB7E /* InitialViewController.swift */,
				852DEC101D62E443004AAB7E /* TwoByTwoViewController.swift */,
				852DEC121D62E450004AAB7E /* ThreeByThreeViewController.swift */,
				852DEC141D62E477004AAB7E /* FourByFourViewController.swift */,
				852DEBE01D62CBD0004AAB7E /* Main.storyboard */,
				852DEBE31D62CBD0004AAB7E /* Assets.xcassets */,
				852DEBE51D62CBD0004AAB7E /* LaunchScreen.storyboard */,
				852DEBE81D62CBD0004AAB7E /* Info.plist */,
			);
			path = Simon;
			sourceTree = "<group>";
		};
		852DEBF01D62CBD0004AAB7E /* SimonTests */ = {
			isa = PBXGroup;
			children = (
				852DEBF11D62CBD0004AAB7E /* SimonTests.swift */,
				852DEBF31D62CBD0004AAB7E /* Info.plist */,
			);
			path = SimonTests;
			sourceTree = "<group>";
		};
		852DEBFB1D62CBD0004AAB7E /* SimonUITests */ = {
			isa = PBXGroup;
			children = (
				852DEBFC1D62CBD0004AAB7E /* SimonUITests.swift */,
				852DEBFE1D62CBD0004AAB7E /* Info.plist */,
			);
			path = SimonUITests;
			sourceTree = "<group>";
		};
/* End PBXGroup section */

/* Begin PBXNativeTarget section */
		852DEBD81D62CBD0004AAB7E /* Simon */ = {
			isa = PBXNativeTarget;
			buildConfigurationList = 852DEC011D62CBD0004AAB7E /* Build configuration list for PBXNativeTarget "Simon" */;
			buildPhases = (
				852DEBD51D62CBD0004AAB7E /* Sources */,
				852DEBD61D62CBD0004AAB7E /* Frameworks */,
				852DEBD71D62CBD0004AAB7E /* Resources */,
			);
			buildRules = (
			);
			dependencies = (
			);
			name = Simon;
			productName = Simon;
			productReference = 852DEBD91D62CBD0004AAB7E /* Simon.app */;
			productType = "com.apple.product-type.application";
		};
		852DEBEC1D62CBD0004AAB7E /* SimonTests */ = {
			isa = PBXNativeTarget;
			buildConfigurationList = 852DEC041D62CBD0004AAB7E /* Build configuration list for PBXNativeTarget "SimonTests" */;
			buildPhases = (
				852DEBE91D62CBD0004AAB7E /* Sources */,
				852DEBEA1D62CBD0004AAB7E /* Frameworks */,
				852DEBEB1D62CBD0004AAB7E /* Resources */,
			);
			buildRules = (
			);
			dependencies = (
				852DEBEF1D62CBD0004AAB7E /* PBXTargetDependency */,
			);
			name = SimonTests;
			productName = SimonTests;
			productReference = 852DEBED1D62CBD0004AAB7E /* SimonTests.xctest */;
			productType = "com.apple.product-type.bundle.unit-test";
		};
		852DEBF71D62CBD0004AAB7E /* SimonUITests */ = {
			isa = PBXNativeTarget;
			buildConfigurationList = 852DEC071D62CBD0004AAB7E /* Build configuration list for PBXNativeTarget "SimonUITests" */;
			buildPhases = (
				852DEBF41D62CBD0004AAB7E /* Sources */,
				852DEBF51D62CBD0004AAB7E /* Frameworks */,
				852DEBF61D62CBD0004AAB7E /* Resources */,
			);
			buildRules = (
			);
			dependencies = (
				852DEBFA1D62CBD0004AAB7E /* PBXTargetDependency */,
			);
			name = SimonUITests;
			productName = SimonUITests;
			productReference = 852DEBF81D62CBD0004AAB7E /* SimonUITests.xctest */;
			productType = "com.apple.product-type.bundle.ui-testing";
		};
/* End PBXNativeTarget section */

/* Begin PBXProject section */
		852DEBD11D62CBD0004AAB7E /* Project object */ = {
			isa = PBXProject;
			attributes = {
				LastSwiftUpdateCheck = 0730;
				LastUpgradeCheck = 0730;
				ORGANIZATIONNAME = "Saurav Desai";
				TargetAttributes = {
					852DEBD81D62CBD0004AAB7E = {
						CreatedOnToolsVersion = 7.3.1;
					};
					852DEBEC1D62CBD0004AAB7E = {
						CreatedOnToolsVersion = 7.3.1;
						TestTargetID = 852DEBD81D62CBD0004AAB7E;
					};
					852DEBF71D62CBD0004AAB7E = {
						CreatedOnToolsVersion = 7.3.1;
						TestTargetID = 852DEBD81D62CBD0004AAB7E;
					};
				};
			};
			buildConfigurationList = 852DEBD41D62CBD0004AAB7E /* Build configuration list for PBXProject "Simon" */;
			compatibilityVersion = "Xcode 3.2";
			developmentRegion = English;
			hasScannedForEncodings = 0;
			knownRegions = (
				en,
				Base,
			);
			mainGroup = 852DEBD01D62CBD0004AAB7E;
			productRefGroup = 852DEBDA1D62CBD0004AAB7E /* Products */;
			projectDirPath = "";
			projectRoot = "";
			targets = (
				852DEBD81D62CBD0004AAB7E /* Simon */,
				852DEBEC1D62CBD0004AAB7E /* SimonTests */,
				852DEBF71D62CBD0004AAB7E /* SimonUITests */,
			);
		};
/* End PBXProject section */

/* Begin PBXResourcesBuildPhase section */
		852DEBD71D62CBD0004AAB7E /* Resources */ = {
			isa = PBXResourcesBuildPhase;
			buildActionMask = 2147483647;
			files = (
				852DEBE71D62CBD0004AAB7E /* LaunchScreen.storyboard in Resources */,
				852DEBE41D62CBD0004AAB7E /* Assets.xcassets in Resources */,
				852DEBE21D62CBD0004AAB7E /* Main.storyboard in Resources */,
			);
			runOnlyForDeploymentPostprocessing = 0;
		};
		852DEBEB1D62CBD0004AAB7E /* Resources */ = {
			isa = PBXResourcesBuildPhase;
			buildActionMask = 2147483647;
			files = (
			);
			runOnlyForDeploymentPostprocessing = 0;
		};
		852DEBF61D62CBD0004AAB7E /* Resources */ = {
			isa = PBXResourcesBuildPhase;
			buildActionMask = 2147483647;
			files = (
			);
			runOnlyForDeploymentPostprocessing = 0;
		};
/* End PBXResourcesBuildPhase section */

/* Begin PBXSourcesBuildPhase section */
		852DEBD51D62CBD0004AAB7E /* Sources */ = {
			isa = PBXSourcesBuildPhase;
			buildActionMask = 2147483647;
			files = (
				852DEC0B1D62DC00004AAB7E /* InstructionViewController.swift in Sources */,
				852DEC131D62E450004AAB7E /* ThreeByThreeViewController.swift in Sources */,
				852DEC111D62E443004AAB7E /* TwoByTwoViewController.swift in Sources */,
				852DEC151D62E477004AAB7E /* FourByFourViewController.swift in Sources */,
				852DEBDF1D62CBD0004AAB7E /* InitialViewController.swift in Sources */,
				852DEBDD1D62CBD0004AAB7E /* AppDelegate.swift in Sources */,
			);
			runOnlyForDeploymentPostprocessing = 0;
		};
		852DEBE91D62CBD0004AAB7E /* Sources */ = {
			isa = PBXSourcesBuildPhase;
			buildActionMask = 2147483647;
			files = (
				852DEBF21D62CBD0004AAB7E /* SimonTests.swift in Sources */,
			);
			runOnlyForDeploymentPostprocessing = 0;
		};
		852DEBF41D62CBD0004AAB7E /* Sources */ = {
			isa = PBXSourcesBuildPhase;
			buildActionMask = 2147483647;
			files = (
				852DEBFD1D62CBD0004AAB7E /* SimonUITests.swift in Sources */,
			);
			runOnlyForDeploymentPostprocessing = 0;
		};
/* End PBXSourcesBuildPhase section */

/* Begin PBXTargetDependency section */
		852DEBEF1D62CBD0004AAB7E /* PBXTargetDependency */ = {
			isa = PBXTargetDependency;
			target = 852DEBD81D62CBD0004AAB7E /* Simon */;
			targetProxy = 852DEBEE1D62CBD0004AAB7E /* PBXContainerItemProxy */;
		};
		852DEBFA1D62CBD0004AAB7E /* PBXTargetDependency */ = {
			isa = PBXTargetDependency;
			target = 852DEBD81D62CBD0004AAB7E /* Simon */;
			targetProxy = 852DEBF91D62CBD0004AAB7E /* PBXContainerItemProxy */;
		};
/* End PBXTargetDependency section */

/* Begin PBXVariantGroup section */
		852DEBE01D62CBD0004AAB7E /* Main.storyboard */ = {
			isa = PBXVariantGroup;
			children = (
				852DEBE11D62CBD0004AAB7E /* Base */,
			);
			name = Main.storyboard;
			sourceTree = "<group>";
		};
		852DEBE51D62CBD0004AAB7E /* LaunchScreen.storyboard */ = {
			isa = PBXVariantGroup;
			children = (
				852DEBE61D62CBD0004AAB7E /* Base */,
			);
			name = LaunchScreen.storyboard;
			sourceTree = "<group>";
		};
/* End PBXVariantGroup section */

/* Begin XCBuildConfiguration section */
		852DEBFF1D62CBD0004AAB7E /* Debug */ = {
			isa = XCBuildConfiguration;
			buildSettings = {
				ALWAYS_SEARCH_USER_PATHS = NO;
				CLANG_ANALYZER_NONNULL = YES;
				CLANG_CXX_LANGUAGE_STANDARD = "gnu++0x";
				CLANG_CXX_LIBRARY = "libc++";
				CLANG_ENABLE_MODULES = YES;
				CLANG_ENABLE_OBJC_ARC = YES;
				CLANG_WARN_BOOL_CONVERSION = YES;
				CLANG_WARN_CONSTANT_CONVERSION = YES;
				CLANG_WARN_DIRECT_OBJC_ISA_USAGE = YES_ERROR;
				CLANG_WARN_EMPTY_BODY = YES;
				CLANG_WARN_ENUM_CONVERSION = YES;
				CLANG_WARN_INT_CONVERSION = YES;
				CLANG_WARN_OBJC_ROOT_CLASS = YES_ERROR;
				CLANG_WARN_UNREACHABLE_CODE = YES;
				CLANG_WARN__DUPLICATE_METHOD_MATCH = YES;
				"CODE_SIGN_IDENTITY[sdk=iphoneos*]" = "iPhone Developer";
				COPY_PHASE_STRIP = NO;
				DEBUG_INFORMATION_FORMAT = dwarf;
				ENABLE_STRICT_OBJC_MSGSEND = YES;
				ENABLE_TESTABILITY = YES;
				GCC_C_LANGUAGE_STANDARD = gnu99;
				GCC_DYNAMIC_NO_PIC = NO;
				GCC_NO_COMMON_BLOCKS = YES;
				GCC_OPTIMIZATION_LEVEL = 0;
				GCC_PREPROCESSOR_DEFINITIONS = (
					"DEBUG=1",
					"$(inherited)",
				);
				GCC_WARN_64_TO_32_BIT_CONVERSION = YES;
				GCC_WARN_ABOUT_RETURN_TYPE = YES_ERROR;
				GCC_WARN_UNDECLARED_SELECTOR = YES;
				GCC_WARN_UNINITIALIZED_AUTOS = YES_AGGRESSIVE;
				GCC_WARN_UNUSED_FUNCTION = YES;
				GCC_WARN_UNUSED_VARIABLE = YES;
				IPHONEOS_DEPLOYMENT_TARGET = 9.3;
				MTL_ENABLE_DEBUG_INFO = YES;
				ONLY_ACTIVE_ARCH = YES;
				SDKROOT = iphoneos;
				SWIFT_OPTIMIZATION_LEVEL = "-Onone";
				TARGETED_DEVICE_FAMILY = "1,2";
			};
			name = Debug;
		};
		852DEC001D62CBD0004AAB7E /* Release */ = {
			isa = XCBuildConfiguration;
			buildSettings = {
				ALWAYS_SEARCH_USER_PATHS = NO;
				CLANG_ANALYZER_NONNULL = YES;
				CLANG_CXX_LANGUAGE_STANDARD = "gnu++0x";
				CLANG_CXX_LIBRARY = "libc++";
				CLANG_ENABLE_MODULES = YES;
				CLANG_ENABLE_OBJC_ARC = YES;
				CLANG_WARN_BOOL_CONVERSION = YES;
				CLANG_WARN_CONSTANT_CONVERSION = YES;
				CLANG_WARN_DIRECT_OBJC_ISA_USAGE = YES_ERROR;
				CLANG_WARN_EMPTY_BODY = YES;
				CLANG_WARN_ENUM_CONVERSION = YES;
				CLANG_WARN_INT_CONVERSION = YES;
				CLANG_WARN_OBJC_ROOT_CLASS = YES_ERROR;
				CLANG_WARN_UNREACHABLE_CODE = YES;
				CLANG_WARN__DUPLICATE_METHOD_MATCH = YES;
				"CODE_SIGN_IDENTITY[sdk=iphoneos*]" = "iPhone Developer";
				COPY_PHASE_STRIP = NO;
				DEBUG_INFORMATION_FORMAT = "dwarf-with-dsym";
				ENABLE_NS_ASSERTIONS = NO;
				ENABLE_STRICT_OBJC_MSGSEND = YES;
				GCC_C_LANGUAGE_STANDARD = gnu99;
				GCC_NO_COMMON_BLOCKS = YES;
				GCC_WARN_64_TO_32_BIT_CONVERSION = YES;
				GCC_WARN_ABOUT_RETURN_TYPE = YES_ERROR;
				GCC_WARN_UNDECLARED_SELECTOR = YES;
				GCC_WARN_UNINITIALIZED_AUTOS = YES_AGGRESSIVE;
				GCC_WARN_UNUSED_FUNCTION = YES;
				GCC_WARN_UNUSED_VARIABLE = YES;
				IPHONEOS_DEPLOYMENT_TARGET = 9.3;
				MTL_ENABLE_DEBUG_INFO = NO;
				SDKROOT = iphoneos;
				TARGETED_DEVICE_FAMILY = "1,2";
				VALIDATE_PRODUCT = YES;
			};
			name = Release;
		};
		852DEC021D62CBD0004AAB7E /* Debug */ = {
			isa = XCBuildConfiguration;
			buildSettings = {
				ASSETCATALOG_COMPILER_APPICON_NAME = AppIcon;
				CODE_SIGN_IDENTITY = "";
				"CODE_SIGN_IDENTITY[sdk=iphoneos*]" = "";
				INFOPLIST_FILE = Simon/Info.plist;
				LD_RUNPATH_SEARCH_PATHS = "$(inherited) @executable_path/Frameworks";
				PRODUCT_BUNDLE_IDENTIFIER = co.SauravDesai.Simon;
				PRODUCT_NAME = "$(TARGET_NAME)";
				PROVISIONING_PROFILE = "";
				TARGETED_DEVICE_FAMILY = 1;
			};
			name = Debug;
		};
		852DEC031D62CBD0004AAB7E /* Release */ = {
			isa = XCBuildConfiguration;
			buildSettings = {
				ASSETCATALOG_COMPILER_APPICON_NAME = AppIcon;
				CODE_SIGN_IDENTITY = "";
				"CODE_SIGN_IDENTITY[sdk=iphoneos*]" = "";
				INFOPLIST_FILE = Simon/Info.plist;
				LD_RUNPATH_SEARCH_PATHS = "$(inherited) @executable_path/Frameworks";
				PRODUCT_BUNDLE_IDENTIFIER = co.SauravDesai.Simon;
				PRODUCT_NAME = "$(TARGET_NAME)";
				PROVISIONING_PROFILE = "";
				TARGETED_DEVICE_FAMILY = 1;
			};
			name = Release;
		};
		852DEC051D62CBD0004AAB7E /* Debug */ = {
			isa = XCBuildConfiguration;
			buildSettings = {
				BUNDLE_LOADER = "$(TEST_HOST)";
				INFOPLIST_FILE = SimonTests/Info.plist;
				LD_RUNPATH_SEARCH_PATHS = "$(inherited) @executable_path/Frameworks @loader_path/Frameworks";
				PRODUCT_BUNDLE_IDENTIFIER = co.SauravDesai.SimonTests;
				PRODUCT_NAME = "$(TARGET_NAME)";
				TEST_HOST = "$(BUILT_PRODUCTS_DIR)/Simon.app/Simon";
			};
			name = Debug;
		};
		852DEC061D62CBD0004AAB7E /* Release */ = {
			isa = XCBuildConfiguration;
			buildSettings = {
				BUNDLE_LOADER = "$(TEST_HOST)";
				INFOPLIST_FILE = SimonTests/Info.plist;
				LD_RUNPATH_SEARCH_PATHS = "$(inherited) @executable_path/Frameworks @loader_path/Frameworks";
				PRODUCT_BUNDLE_IDENTIFIER = co.SauravDesai.SimonTests;
				PRODUCT_NAME = "$(TARGET_NAME)";
				TEST_HOST = "$(BUILT_PRODUCTS_DIR)/Simon.app/Simon";
			};
			name = Release;
		};
		852DEC081D62CBD0004AAB7E /* Debug */ = {
			isa = XCBuildConfiguration;
			buildSettings = {
				INFOPLIST_FILE = SimonUITests/Info.plist;
				LD_RUNPATH_SEARCH_PATHS = "$(inherited) @executable_path/Frameworks @loader_path/Frameworks";
				PRODUCT_BUNDLE_IDENTIFIER = co.SauravDesai.SimonUITests;
				PRODUCT_NAME = "$(TARGET_NAME)";
				TEST_TARGET_NAME = Simon;
			};
			name = Debug;
		};
		852DEC091D62CBD0004AAB7E /* Release */ = {
			isa = XCBuildConfiguration;
			buildSettings = {
				INFOPLIST_FILE = SimonUITests/Info.plist;
				LD_RUNPATH_SEARCH_PATHS = "$(inherited) @executable_path/Frameworks @loader_path/Frameworks";
				PRODUCT_BUNDLE_IDENTIFIER = co.SauravDesai.SimonUITests;
				PRODUCT_NAME = "$(TARGET_NAME)";
				TEST_TARGET_NAME = Simon;
			};
			name = Release;
		};
/* End XCBuildConfiguration section */

/* Begin XCConfigurationList section */
		852DEBD41D62CBD0004AAB7E /* Build configuration list for PBXProject "Simon" */ = {
			isa = XCConfigurationList;
			buildConfigurations = (
				852DEBFF1D62CBD0004AAB7E /* Debug */,
				852DEC001D62CBD0004AAB7E /* Release */,
			);
			defaultConfigurationIsVisible = 0;
			defaultConfigurationName = Release;
		};
		852DEC011D62CBD0004AAB7E /* Build configuration list for PBXNativeTarget "Simon" */ = {
			isa = XCConfigurationList;
			buildConfigurations = (
				852DEC021D62CBD0004AAB7E /* Debug */,
				852DEC031D62CBD0004AAB7E /* Release */,
			);
			defaultConfigurationIsVisible = 0;
			defaultConfigurationName = Release;
		};
		852DEC041D62CBD0004AAB7E /* Build configuration list for PBXNativeTarget "SimonTests" */ = {
			isa = XCConfigurationList;
			buildConfigurations = (
				852DEC051D62CBD0004AAB7E /* Debug */,
				852DEC061D62CBD0004AAB7E /* Release */,
			);
			defaultConfigurationIsVisible = 0;
			defaultConfigurationName = Release;
		};
		852DEC071D62CBD0004AAB7E /* Build configuration list for PBXNativeTarget "SimonUITests" */ = {
			isa = XCConfigurationList;
			buildConfigurations = (
				852DEC081D62CBD0004AAB7E /* Debug */,
				852DEC091D62CBD0004AAB7E /* Release */,
			);
			defaultConfigurationIsVisible = 0;
			defaultConfigurationName = Release;
		};
/* End XCConfigurationList section */
	};
	rootObject = 852DEBD11D62CBD0004AAB7E /* Project object */;
}
